
Microsoft Visual Studio Solution File, Format Version 12.00
# Visual Studio Version 16
VisualStudioVersion = 16.0.30804.86
MinimumVisualStudioVersion = 10.0.40219.1
Project("{9A19103F-16F7-4668-BE54-9A1E7A4F7556}") = "notOrt", "İfElse\notOrt.csproj", "{085EC453-BD32-4215-8E0A-92EEC52D1E4C}"
EndProject
Project("{9A19103F-16F7-4668-BE54-9A1E7A4F7556}") = "example2", "example2\example2.csproj", "{C4702FB3-56F5-45F3-AE43-2CB862992AE6}"
EndProject
Project("{9A19103F-16F7-4668-BE54-9A1E7A4F7556}") = "UserLogin", "UserLogin\UserLogin.csproj", "{F413173D-A757-41F5-938B-CC50527A1100}"
EndProject
Project("{9A19103F-16F7-4668-BE54-9A1E7A4F7556}") = "Odd_Even", "Odd_Even\Odd_Even.csproj", "{0A853B10-F578-42A8-91A4-FAA460200970}"
EndProject
Project("{9A19103F-16F7-4668-BE54-9A1E7A4F7556}") = "Shopping", "Shopping\Shopping.csproj", "{2765D265-6DF3-4395-A836-A25377150924}"
EndProject
Project("{9A19103F-16F7-4668-BE54-9A1E7A4F7556}") = "integers", "integers\integers.csproj", "{9AED3E81-A0CD-4A03-A937-7082BEC78550}"
EndProject
Project("{9A19103F-16F7-4668-BE54-9A1E7A4F7556}") = "BasicCalculater", "BasicCalculater\BasicCalculater.csproj", "{16F987A9-3DA0-456B-A31C-34D9504DDBBF}"
EndProject
Project("{9A19103F-16F7-4668-BE54-9A1E7A4F7556}") = "CalcSwitch", "CalcSwitch\CalcSwitch.csproj", "{D3ED7F8F-6777-4E7C-9F49-0A7DF8F08E6D}"
EndProject
Project("{9A19103F-16F7-4668-BE54-9A1E7A4F7556}") = "PercentCalc", "PercentCalc\PercentCalc.csproj", "{A52E2323-588F-4457-992A-8D94495CCD92}"
EndProject
Project("{9A19103F-16F7-4668-BE54-9A1E7A4F7556}") = "GainCalc", "GainCalc\GainCalc.csproj", "{92E5BC9A-3729-450E-941B-38A17F36B9E3}"
EndProject
Project("{2150E333-8FDC-42A3-9474-1A3956D46DE8}") = "swichCase", "swichCase", "{E66B578E-50B1-46F4-82AC-A32389B588F5}"
EndProject
Project("{9A19103F-16F7-4668-BE54-9A1E7A4F7556}") = "Example1", "Example1\Example1.csproj", "{42001AD5-F0D5-429E-8ADE-BACF9EEE36D0}"
EndProject
Project("{9A19103F-16F7-4668-BE54-9A1E7A4F7556}") = "Example3", "Example3\Example3.csproj", "{BDBAD8A9-D9BA-480A-9FB7-0358EE5D59E9}"
EndProject
Project("{9A19103F-16F7-4668-BE54-9A1E7A4F7556}") = "shopping2", "shopping2\shopping2.csproj", "{496207D8-5B9F-494D-B215-AA6B0B8B162B}"
EndProject
Project("{9A19103F-16F7-4668-BE54-9A1E7A4F7556}") = "İfExample", "İfExample\İfExample.csproj", "{F93639C2-9A21-4D6C-9889-C091CA4BB806}"
EndProject
Project("{2150E333-8FDC-42A3-9474-1A3956D46DE8}") = "ForLopp", "ForLopp", "{5EFA86C3-622A-4601-B18C-3DD02BFC8D30}"
EndProject
Project("{9A19103F-16F7-4668-BE54-9A1E7A4F7556}") = "ForEx1", "ForEx1\ForEx1.csproj", "{08E14819-9BE6-4194-8C78-9505CD15A5B8}"
EndProject
Project("{9A19103F-16F7-4668-BE54-9A1E7A4F7556}") = "ForEx2", "ForEx2\ForEx2.csproj", "{46B23785-C5C6-4809-B541-8158AD30303F}"
EndProject
Project("{9A19103F-16F7-4668-BE54-9A1E7A4F7556}") = "ForEx3", "ForEx3\ForEx3.csproj", "{8E99CB3A-9EB9-4E2B-B1C3-26F06DC70BA3}"
EndProject
Project("{9A19103F-16F7-4668-BE54-9A1E7A4F7556}") = "ForEx4", "ForEx4\ForEx4.csproj", "{1CB2ED0D-0465-4A71-A28E-279D588F4011}"
EndProject
Project("{9A19103F-16F7-4668-BE54-9A1E7A4F7556}") = "ForEx5", "ForEx5\ForEx5.csproj", "{E6CB762E-0220-4E67-9E7A-21B54782BA28}"
EndProject
Project("{9A19103F-16F7-4668-BE54-9A1E7A4F7556}") = "PdfEx1", "PdfEx1\PdfEx1.csproj", "{602A14C6-D65F-461A-9A8F-52A460CE2ACB}"
EndProject
Project("{9A19103F-16F7-4668-BE54-9A1E7A4F7556}") = "PdfEx2", "PdfEx2\PdfEx2.csproj", "{71ADAA72-8B37-4577-9F68-F7BC7B5AA88E}"
EndProject
Project("{9A19103F-16F7-4668-BE54-9A1E7A4F7556}") = "PdfEx4", "PdfEx4\PdfEx4.csproj", "{C18E3A17-7C4A-4B1B-9AE4-AF43D04EA69E}"
EndProject
Project("{9A19103F-16F7-4668-BE54-9A1E7A4F7556}") = "Soru", "Soru\Soru.csproj", "{176C39B5-F6F9-4EAF-9248-27586E5CE583}"
EndProject
Project("{9A19103F-16F7-4668-BE54-9A1E7A4F7556}") = "Try", "Try\Try.csproj", "{93262ED6-B71D-45CF-BB76-AF50268E0C52}"
EndProject
Project("{9A19103F-16F7-4668-BE54-9A1E7A4F7556}") = "ForEx6", "ForEx6\ForEx6.csproj", "{A5ABFBC0-6682-4223-A5B5-AD1980802EB1}"
EndProject
Project("{9A19103F-16F7-4668-BE54-9A1E7A4F7556}") = "IfElseEx1", "IfElseEx1\IfElseEx1.csproj", "{37AAD9AD-B063-4E39-ABE0-4551B6083EA9}"
EndProject
Project("{9A19103F-16F7-4668-BE54-9A1E7A4F7556}") = "Example4", "Example4\Example4.csproj", "{D39787BF-10D9-407D-A7C3-B74CD305DF98}"
EndProject
Project("{9A19103F-16F7-4668-BE54-9A1E7A4F7556}") = "ForEx7", "ForEx7\ForEx7.csproj", "{B0AD1F94-23E1-4334-A2C5-A09F5676793C}"
EndProject
Project("{9A19103F-16F7-4668-BE54-9A1E7A4F7556}") = "ForEx8", "ForEx8\ForEx8.csproj", "{70111786-9FD5-47CF-A4D5-13F66D24BA3F}"
EndProject
Project("{9A19103F-16F7-4668-BE54-9A1E7A4F7556}") = "ForEx9", "ForEx9\ForEx9.csproj", "{C5245B81-3022-470F-A9B9-0431AE4C9C35}"
EndProject
Project("{9A19103F-16F7-4668-BE54-9A1E7A4F7556}") = "ForEx10", "ForEx10\ForEx10.csproj", "{6B295BA1-269B-4647-8BB3-C197EA898B95}"
EndProject
Project("{9A19103F-16F7-4668-BE54-9A1E7A4F7556}") = "Example5", "Example5\Example5.csproj", "{85C0D727-1EEC-45C8-A1CE-2E2854C98462}"
EndProject
Project("{9A19103F-16F7-4668-BE54-9A1E7A4F7556}") = "Example6", "Example6\Example6.csproj", "{F416B887-824B-4D31-B230-8848757D7A37}"
EndProject
Project("{9A19103F-16F7-4668-BE54-9A1E7A4F7556}") = "Example7", "Example7\Example7.csproj", "{B729BE7C-61F8-4ECD-A8AC-A75E9A8A6A3C}"
EndProject
Project("{9A19103F-16F7-4668-BE54-9A1E7A4F7556}") = "Example8", "Example8\Example8.csproj", "{9BCA1938-1201-4DC2-842A-13695EE6248B}"
EndProject
Project("{FAE04EC0-301F-11D3-BF4B-00C04F79EFBC}") = "Example9", "Example9\Example9.csproj", "{D92766DF-D4B1-4549-80F8-E0FCABA295D9}"
EndProject
Project("{FAE04EC0-301F-11D3-BF4B-00C04F79EFBC}") = "Example10", "Example10\Example10.csproj", "{60ECE442-28A8-4715-A9F5-EF51F80D6149}"
EndProject
Project("{FAE04EC0-301F-11D3-BF4B-00C04F79EFBC}") = "Example11", "Example11\Example11.csproj", "{0FC2B593-06E9-4DBA-9FB9-E75001EE41C5}"
EndProject
Global
	GlobalSection(SolutionConfigurationPlatforms) = preSolution
		Debug|Any CPU = Debug|Any CPU
		Release|Any CPU = Release|Any CPU
	EndGlobalSection
	GlobalSection(ProjectConfigurationPlatforms) = postSolution
		{085EC453-BD32-4215-8E0A-92EEC52D1E4C}.Debug|Any CPU.ActiveCfg = Debug|Any CPU
		{085EC453-BD32-4215-8E0A-92EEC52D1E4C}.Debug|Any CPU.Build.0 = Debug|Any CPU
		{085EC453-BD32-4215-8E0A-92EEC52D1E4C}.Release|Any CPU.ActiveCfg = Release|Any CPU
		{085EC453-BD32-4215-8E0A-92EEC52D1E4C}.Release|Any CPU.Build.0 = Release|Any CPU
		{C4702FB3-56F5-45F3-AE43-2CB862992AE6}.Debug|Any CPU.ActiveCfg = Debug|Any CPU
		{C4702FB3-56F5-45F3-AE43-2CB862992AE6}.Debug|Any CPU.Build.0 = Debug|Any CPU
		{C4702FB3-56F5-45F3-AE43-2CB862992AE6}.Release|Any CPU.ActiveCfg = Release|Any CPU
		{C4702FB3-56F5-45F3-AE43-2CB862992AE6}.Release|Any CPU.Build.0 = Release|Any CPU
		{F413173D-A757-41F5-938B-CC50527A1100}.Debug|Any CPU.ActiveCfg = Debug|Any CPU
		{F413173D-A757-41F5-938B-CC50527A1100}.Debug|Any CPU.Build.0 = Debug|Any CPU
		{F413173D-A757-41F5-938B-CC50527A1100}.Release|Any CPU.ActiveCfg = Release|Any CPU
		{F413173D-A757-41F5-938B-CC50527A1100}.Release|Any CPU.Build.0 = Release|Any CPU
		{0A853B10-F578-42A8-91A4-FAA460200970}.Debug|Any CPU.ActiveCfg = Debug|Any CPU
		{0A853B10-F578-42A8-91A4-FAA460200970}.Debug|Any CPU.Build.0 = Debug|Any CPU
		{0A853B10-F578-42A8-91A4-FAA460200970}.Release|Any CPU.ActiveCfg = Release|Any CPU
		{0A853B10-F578-42A8-91A4-FAA460200970}.Release|Any CPU.Build.0 = Release|Any CPU
		{2765D265-6DF3-4395-A836-A25377150924}.Debug|Any CPU.ActiveCfg = Debug|Any CPU
		{2765D265-6DF3-4395-A836-A25377150924}.Debug|Any CPU.Build.0 = Debug|Any CPU
		{2765D265-6DF3-4395-A836-A25377150924}.Release|Any CPU.ActiveCfg = Release|Any CPU
		{2765D265-6DF3-4395-A836-A25377150924}.Release|Any CPU.Build.0 = Release|Any CPU
		{9AED3E81-A0CD-4A03-A937-7082BEC78550}.Debug|Any CPU.ActiveCfg = Debug|Any CPU
		{9AED3E81-A0CD-4A03-A937-7082BEC78550}.Debug|Any CPU.Build.0 = Debug|Any CPU
		{9AED3E81-A0CD-4A03-A937-7082BEC78550}.Release|Any CPU.ActiveCfg = Release|Any CPU
		{9AED3E81-A0CD-4A03-A937-7082BEC78550}.Release|Any CPU.Build.0 = Release|Any CPU
		{16F987A9-3DA0-456B-A31C-34D9504DDBBF}.Debug|Any CPU.ActiveCfg = Debug|Any CPU
		{16F987A9-3DA0-456B-A31C-34D9504DDBBF}.Debug|Any CPU.Build.0 = Debug|Any CPU
		{16F987A9-3DA0-456B-A31C-34D9504DDBBF}.Release|Any CPU.ActiveCfg = Release|Any CPU
		{16F987A9-3DA0-456B-A31C-34D9504DDBBF}.Release|Any CPU.Build.0 = Release|Any CPU
		{D3ED7F8F-6777-4E7C-9F49-0A7DF8F08E6D}.Debug|Any CPU.ActiveCfg = Debug|Any CPU
		{D3ED7F8F-6777-4E7C-9F49-0A7DF8F08E6D}.Debug|Any CPU.Build.0 = Debug|Any CPU
		{D3ED7F8F-6777-4E7C-9F49-0A7DF8F08E6D}.Release|Any CPU.ActiveCfg = Release|Any CPU
		{D3ED7F8F-6777-4E7C-9F49-0A7DF8F08E6D}.Release|Any CPU.Build.0 = Release|Any CPU
		{A52E2323-588F-4457-992A-8D94495CCD92}.Debug|Any CPU.ActiveCfg = Debug|Any CPU
		{A52E2323-588F-4457-992A-8D94495CCD92}.Debug|Any CPU.Build.0 = Debug|Any CPU
		{A52E2323-588F-4457-992A-8D94495CCD92}.Release|Any CPU.ActiveCfg = Release|Any CPU
		{A52E2323-588F-4457-992A-8D94495CCD92}.Release|Any CPU.Build.0 = Release|Any CPU
		{92E5BC9A-3729-450E-941B-38A17F36B9E3}.Debug|Any CPU.ActiveCfg = Debug|Any CPU
		{92E5BC9A-3729-450E-941B-38A17F36B9E3}.Debug|Any CPU.Build.0 = Debug|Any CPU
		{92E5BC9A-3729-450E-941B-38A17F36B9E3}.Release|Any CPU.ActiveCfg = Release|Any CPU
		{92E5BC9A-3729-450E-941B-38A17F36B9E3}.Release|Any CPU.Build.0 = Release|Any CPU
		{42001AD5-F0D5-429E-8ADE-BACF9EEE36D0}.Debug|Any CPU.ActiveCfg = Debug|Any CPU
		{42001AD5-F0D5-429E-8ADE-BACF9EEE36D0}.Debug|Any CPU.Build.0 = Debug|Any CPU
		{42001AD5-F0D5-429E-8ADE-BACF9EEE36D0}.Release|Any CPU.ActiveCfg = Release|Any CPU
		{42001AD5-F0D5-429E-8ADE-BACF9EEE36D0}.Release|Any CPU.Build.0 = Release|Any CPU
		{BDBAD8A9-D9BA-480A-9FB7-0358EE5D59E9}.Debug|Any CPU.ActiveCfg = Debug|Any CPU
		{BDBAD8A9-D9BA-480A-9FB7-0358EE5D59E9}.Debug|Any CPU.Build.0 = Debug|Any CPU
		{BDBAD8A9-D9BA-480A-9FB7-0358EE5D59E9}.Release|Any CPU.ActiveCfg = Release|Any CPU
		{BDBAD8A9-D9BA-480A-9FB7-0358EE5D59E9}.Release|Any CPU.Build.0 = Release|Any CPU
		{496207D8-5B9F-494D-B215-AA6B0B8B162B}.Debug|Any CPU.ActiveCfg = Debug|Any CPU
		{496207D8-5B9F-494D-B215-AA6B0B8B162B}.Debug|Any CPU.Build.0 = Debug|Any CPU
		{496207D8-5B9F-494D-B215-AA6B0B8B162B}.Release|Any CPU.ActiveCfg = Release|Any CPU
		{496207D8-5B9F-494D-B215-AA6B0B8B162B}.Release|Any CPU.Build.0 = Release|Any CPU
		{F93639C2-9A21-4D6C-9889-C091CA4BB806}.Debug|Any CPU.ActiveCfg = Debug|Any CPU
		{F93639C2-9A21-4D6C-9889-C091CA4BB806}.Debug|Any CPU.Build.0 = Debug|Any CPU
		{F93639C2-9A21-4D6C-9889-C091CA4BB806}.Release|Any CPU.ActiveCfg = Release|Any CPU
		{F93639C2-9A21-4D6C-9889-C091CA4BB806}.Release|Any CPU.Build.0 = Release|Any CPU
		{08E14819-9BE6-4194-8C78-9505CD15A5B8}.Debug|Any CPU.ActiveCfg = Debug|Any CPU
		{08E14819-9BE6-4194-8C78-9505CD15A5B8}.Debug|Any CPU.Build.0 = Debug|Any CPU
		{08E14819-9BE6-4194-8C78-9505CD15A5B8}.Release|Any CPU.ActiveCfg = Release|Any CPU
		{08E14819-9BE6-4194-8C78-9505CD15A5B8}.Release|Any CPU.Build.0 = Release|Any CPU
		{46B23785-C5C6-4809-B541-8158AD30303F}.Debug|Any CPU.ActiveCfg = Debug|Any CPU
		{46B23785-C5C6-4809-B541-8158AD30303F}.Debug|Any CPU.Build.0 = Debug|Any CPU
		{46B23785-C5C6-4809-B541-8158AD30303F}.Release|Any CPU.ActiveCfg = Release|Any CPU
		{46B23785-C5C6-4809-B541-8158AD30303F}.Release|Any CPU.Build.0 = Release|Any CPU
		{8E99CB3A-9EB9-4E2B-B1C3-26F06DC70BA3}.Debug|Any CPU.ActiveCfg = Debug|Any CPU
		{8E99CB3A-9EB9-4E2B-B1C3-26F06DC70BA3}.Debug|Any CPU.Build.0 = Debug|Any CPU
		{8E99CB3A-9EB9-4E2B-B1C3-26F06DC70BA3}.Release|Any CPU.ActiveCfg = Release|Any CPU
		{8E99CB3A-9EB9-4E2B-B1C3-26F06DC70BA3}.Release|Any CPU.Build.0 = Release|Any CPU
		{1CB2ED0D-0465-4A71-A28E-279D588F4011}.Debug|Any CPU.ActiveCfg = Debug|Any CPU
		{1CB2ED0D-0465-4A71-A28E-279D588F4011}.Debug|Any CPU.Build.0 = Debug|Any CPU
		{1CB2ED0D-0465-4A71-A28E-279D588F4011}.Release|Any CPU.ActiveCfg = Release|Any CPU
		{1CB2ED0D-0465-4A71-A28E-279D588F4011}.Release|Any CPU.Build.0 = Release|Any CPU
		{E6CB762E-0220-4E67-9E7A-21B54782BA28}.Debug|Any CPU.ActiveCfg = Debug|Any CPU
		{E6CB762E-0220-4E67-9E7A-21B54782BA28}.Debug|Any CPU.Build.0 = Debug|Any CPU
		{E6CB762E-0220-4E67-9E7A-21B54782BA28}.Release|Any CPU.ActiveCfg = Release|Any CPU
		{E6CB762E-0220-4E67-9E7A-21B54782BA28}.Release|Any CPU.Build.0 = Release|Any CPU
		{602A14C6-D65F-461A-9A8F-52A460CE2ACB}.Debug|Any CPU.ActiveCfg = Debug|Any CPU
		{602A14C6-D65F-461A-9A8F-52A460CE2ACB}.Debug|Any CPU.Build.0 = Debug|Any CPU
		{602A14C6-D65F-461A-9A8F-52A460CE2ACB}.Release|Any CPU.ActiveCfg = Release|Any CPU
		{602A14C6-D65F-461A-9A8F-52A460CE2ACB}.Release|Any CPU.Build.0 = Release|Any CPU
		{71ADAA72-8B37-4577-9F68-F7BC7B5AA88E}.Debug|Any CPU.ActiveCfg = Debug|Any CPU
		{71ADAA72-8B37-4577-9F68-F7BC7B5AA88E}.Debug|Any CPU.Build.0 = Debug|Any CPU
		{71ADAA72-8B37-4577-9F68-F7BC7B5AA88E}.Release|Any CPU.ActiveCfg = Release|Any CPU
		{71ADAA72-8B37-4577-9F68-F7BC7B5AA88E}.Release|Any CPU.Build.0 = Release|Any CPU
		{C18E3A17-7C4A-4B1B-9AE4-AF43D04EA69E}.Debug|Any CPU.ActiveCfg = Debug|Any CPU
		{C18E3A17-7C4A-4B1B-9AE4-AF43D04EA69E}.Debug|Any CPU.Build.0 = Debug|Any CPU
		{C18E3A17-7C4A-4B1B-9AE4-AF43D04EA69E}.Release|Any CPU.ActiveCfg = Release|Any CPU
		{C18E3A17-7C4A-4B1B-9AE4-AF43D04EA69E}.Release|Any CPU.Build.0 = Release|Any CPU
		{176C39B5-F6F9-4EAF-9248-27586E5CE583}.Debug|Any CPU.ActiveCfg = Debug|Any CPU
		{176C39B5-F6F9-4EAF-9248-27586E5CE583}.Debug|Any CPU.Build.0 = Debug|Any CPU
		{176C39B5-F6F9-4EAF-9248-27586E5CE583}.Release|Any CPU.ActiveCfg = Release|Any CPU
		{176C39B5-F6F9-4EAF-9248-27586E5CE583}.Release|Any CPU.Build.0 = Release|Any CPU
		{93262ED6-B71D-45CF-BB76-AF50268E0C52}.Debug|Any CPU.ActiveCfg = Debug|Any CPU
		{93262ED6-B71D-45CF-BB76-AF50268E0C52}.Debug|Any CPU.Build.0 = Debug|Any CPU
		{93262ED6-B71D-45CF-BB76-AF50268E0C52}.Release|Any CPU.ActiveCfg = Release|Any CPU
		{93262ED6-B71D-45CF-BB76-AF50268E0C52}.Release|Any CPU.Build.0 = Release|Any CPU
		{A5ABFBC0-6682-4223-A5B5-AD1980802EB1}.Debug|Any CPU.ActiveCfg = Debug|Any CPU
		{A5ABFBC0-6682-4223-A5B5-AD1980802EB1}.Debug|Any CPU.Build.0 = Debug|Any CPU
		{A5ABFBC0-6682-4223-A5B5-AD1980802EB1}.Release|Any CPU.ActiveCfg = Release|Any CPU
		{A5ABFBC0-6682-4223-A5B5-AD1980802EB1}.Release|Any CPU.Build.0 = Release|Any CPU
		{37AAD9AD-B063-4E39-ABE0-4551B6083EA9}.Debug|Any CPU.ActiveCfg = Debug|Any CPU
		{37AAD9AD-B063-4E39-ABE0-4551B6083EA9}.Debug|Any CPU.Build.0 = Debug|Any CPU
		{37AAD9AD-B063-4E39-ABE0-4551B6083EA9}.Release|Any CPU.ActiveCfg = Release|Any CPU
		{37AAD9AD-B063-4E39-ABE0-4551B6083EA9}.Release|Any CPU.Build.0 = Release|Any CPU
		{D39787BF-10D9-407D-A7C3-B74CD305DF98}.Debug|Any CPU.ActiveCfg = Debug|Any CPU
		{D39787BF-10D9-407D-A7C3-B74CD305DF98}.Debug|Any CPU.Build.0 = Debug|Any CPU
		{D39787BF-10D9-407D-A7C3-B74CD305DF98}.Release|Any CPU.ActiveCfg = Release|Any CPU
		{D39787BF-10D9-407D-A7C3-B74CD305DF98}.Release|Any CPU.Build.0 = Release|Any CPU
		{B0AD1F94-23E1-4334-A2C5-A09F5676793C}.Debug|Any CPU.ActiveCfg = Debug|Any CPU
		{B0AD1F94-23E1-4334-A2C5-A09F5676793C}.Debug|Any CPU.Build.0 = Debug|Any CPU
		{B0AD1F94-23E1-4334-A2C5-A09F5676793C}.Release|Any CPU.ActiveCfg = Release|Any CPU
		{B0AD1F94-23E1-4334-A2C5-A09F5676793C}.Release|Any CPU.Build.0 = Release|Any CPU
		{70111786-9FD5-47CF-A4D5-13F66D24BA3F}.Debug|Any CPU.ActiveCfg = Debug|Any CPU
		{70111786-9FD5-47CF-A4D5-13F66D24BA3F}.Debug|Any CPU.Build.0 = Debug|Any CPU
		{70111786-9FD5-47CF-A4D5-13F66D24BA3F}.Release|Any CPU.ActiveCfg = Release|Any CPU
		{70111786-9FD5-47CF-A4D5-13F66D24BA3F}.Release|Any CPU.Build.0 = Release|Any CPU
		{C5245B81-3022-470F-A9B9-0431AE4C9C35}.Debug|Any CPU.ActiveCfg = Debug|Any CPU
		{C5245B81-3022-470F-A9B9-0431AE4C9C35}.Debug|Any CPU.Build.0 = Debug|Any CPU
		{C5245B81-3022-470F-A9B9-0431AE4C9C35}.Release|Any CPU.ActiveCfg = Release|Any CPU
		{C5245B81-3022-470F-A9B9-0431AE4C9C35}.Release|Any CPU.Build.0 = Release|Any CPU
		{6B295BA1-269B-4647-8BB3-C197EA898B95}.Debug|Any CPU.ActiveCfg = Debug|Any CPU
		{6B295BA1-269B-4647-8BB3-C197EA898B95}.Debug|Any CPU.Build.0 = Debug|Any CPU
		{6B295BA1-269B-4647-8BB3-C197EA898B95}.Release|Any CPU.ActiveCfg = Release|Any CPU
		{6B295BA1-269B-4647-8BB3-C197EA898B95}.Release|Any CPU.Build.0 = Release|Any CPU
		{85C0D727-1EEC-45C8-A1CE-2E2854C98462}.Debug|Any CPU.ActiveCfg = Debug|Any CPU
		{85C0D727-1EEC-45C8-A1CE-2E2854C98462}.Debug|Any CPU.Build.0 = Debug|Any CPU
		{85C0D727-1EEC-45C8-A1CE-2E2854C98462}.Release|Any CPU.ActiveCfg = Release|Any CPU
		{85C0D727-1EEC-45C8-A1CE-2E2854C98462}.Release|Any CPU.Build.0 = Release|Any CPU
		{F416B887-824B-4D31-B230-8848757D7A37}.Debug|Any CPU.ActiveCfg = Debug|Any CPU
		{F416B887-824B-4D31-B230-8848757D7A37}.Debug|Any CPU.Build.0 = Debug|Any CPU
		{F416B887-824B-4D31-B230-8848757D7A37}.Release|Any CPU.ActiveCfg = Release|Any CPU
		{F416B887-824B-4D31-B230-8848757D7A37}.Release|Any CPU.Build.0 = Release|Any CPU
		{B729BE7C-61F8-4ECD-A8AC-A75E9A8A6A3C}.Debug|Any CPU.ActiveCfg = Debug|Any CPU
		{B729BE7C-61F8-4ECD-A8AC-A75E9A8A6A3C}.Debug|Any CPU.Build.0 = Debug|Any CPU
		{B729BE7C-61F8-4ECD-A8AC-A75E9A8A6A3C}.Release|Any CPU.ActiveCfg = Release|Any CPU
		{B729BE7C-61F8-4ECD-A8AC-A75E9A8A6A3C}.Release|Any CPU.Build.0 = Release|Any CPU
		{9BCA1938-1201-4DC2-842A-13695EE6248B}.Debug|Any CPU.ActiveCfg = Debug|Any CPU
		{9BCA1938-1201-4DC2-842A-13695EE6248B}.Debug|Any CPU.Build.0 = Debug|Any CPU
		{9BCA1938-1201-4DC2-842A-13695EE6248B}.Release|Any CPU.ActiveCfg = Release|Any CPU
		{9BCA1938-1201-4DC2-842A-13695EE6248B}.Release|Any CPU.Build.0 = Release|Any CPU
		{D92766DF-D4B1-4549-80F8-E0FCABA295D9}.Debug|Any CPU.ActiveCfg = Debug|Any CPU
		{D92766DF-D4B1-4549-80F8-E0FCABA295D9}.Debug|Any CPU.Build.0 = Debug|Any CPU
		{D92766DF-D4B1-4549-80F8-E0FCABA295D9}.Release|Any CPU.ActiveCfg = Release|Any CPU
		{D92766DF-D4B1-4549-80F8-E0FCABA295D9}.Release|Any CPU.Build.0 = Release|Any CPU
		{60ECE442-28A8-4715-A9F5-EF51F80D6149}.Debug|Any CPU.ActiveCfg = Debug|Any CPU
		{60ECE442-28A8-4715-A9F5-EF51F80D6149}.Debug|Any CPU.Build.0 = Debug|Any CPU
		{60ECE442-28A8-4715-A9F5-EF51F80D6149}.Release|Any CPU.ActiveCfg = Release|Any CPU
		{60ECE442-28A8-4715-A9F5-EF51F80D6149}.Release|Any CPU.Build.0 = Release|Any CPU
		{0FC2B593-06E9-4DBA-9FB9-E75001EE41C5}.Debug|Any CPU.ActiveCfg = Debug|Any CPU
		{0FC2B593-06E9-4DBA-9FB9-E75001EE41C5}.Debug|Any CPU.Build.0 = Debug|Any CPU
		{0FC2B593-06E9-4DBA-9FB9-E75001EE41C5}.Release|Any CPU.ActiveCfg = Release|Any CPU
		{0FC2B593-06E9-4DBA-9FB9-E75001EE41C5}.Release|Any CPU.Build.0 = Release|Any CPU
	EndGlobalSection
	GlobalSection(SolutionProperties) = preSolution
		HideSolutionNode = FALSE
	EndGlobalSection
	GlobalSection(NestedProjects) = preSolution
		{42001AD5-F0D5-429E-8ADE-BACF9EEE36D0} = {E66B578E-50B1-46F4-82AC-A32389B588F5}
		{BDBAD8A9-D9BA-480A-9FB7-0358EE5D59E9} = {E66B578E-50B1-46F4-82AC-A32389B588F5}
		{08E14819-9BE6-4194-8C78-9505CD15A5B8} = {5EFA86C3-622A-4601-B18C-3DD02BFC8D30}
		{46B23785-C5C6-4809-B541-8158AD30303F} = {5EFA86C3-622A-4601-B18C-3DD02BFC8D30}
		{8E99CB3A-9EB9-4E2B-B1C3-26F06DC70BA3} = {5EFA86C3-622A-4601-B18C-3DD02BFC8D30}
		{1CB2ED0D-0465-4A71-A28E-279D588F4011} = {5EFA86C3-622A-4601-B18C-3DD02BFC8D30}
		{E6CB762E-0220-4E67-9E7A-21B54782BA28} = {5EFA86C3-622A-4601-B18C-3DD02BFC8D30}
		{A5ABFBC0-6682-4223-A5B5-AD1980802EB1} = {5EFA86C3-622A-4601-B18C-3DD02BFC8D30}
		{D39787BF-10D9-407D-A7C3-B74CD305DF98} = {E66B578E-50B1-46F4-82AC-A32389B588F5}
		{B0AD1F94-23E1-4334-A2C5-A09F5676793C} = {5EFA86C3-622A-4601-B18C-3DD02BFC8D30}
		{70111786-9FD5-47CF-A4D5-13F66D24BA3F} = {5EFA86C3-622A-4601-B18C-3DD02BFC8D30}
		{C5245B81-3022-470F-A9B9-0431AE4C9C35} = {5EFA86C3-622A-4601-B18C-3DD02BFC8D30}
		{6B295BA1-269B-4647-8BB3-C197EA898B95} = {5EFA86C3-622A-4601-B18C-3DD02BFC8D30}
		{85C0D727-1EEC-45C8-A1CE-2E2854C98462} = {E66B578E-50B1-46F4-82AC-A32389B588F5}
		{F416B887-824B-4D31-B230-8848757D7A37} = {E66B578E-50B1-46F4-82AC-A32389B588F5}
		{B729BE7C-61F8-4ECD-A8AC-A75E9A8A6A3C} = {E66B578E-50B1-46F4-82AC-A32389B588F5}
		{9BCA1938-1201-4DC2-842A-13695EE6248B} = {E66B578E-50B1-46F4-82AC-A32389B588F5}
		{D92766DF-D4B1-4549-80F8-E0FCABA295D9} = {E66B578E-50B1-46F4-82AC-A32389B588F5}
		{60ECE442-28A8-4715-A9F5-EF51F80D6149} = {E66B578E-50B1-46F4-82AC-A32389B588F5}
		{0FC2B593-06E9-4DBA-9FB9-E75001EE41C5} = {E66B578E-50B1-46F4-82AC-A32389B588F5}
	EndGlobalSection
	GlobalSection(ExtensibilityGlobals) = postSolution
		SolutionGuid = {DFF4ADAC-EF99-4F3D-BE59-DAEA4AC0262C}
	EndGlobalSection
EndGlobal
